
Microsoft Visual Studio Solution File, Format Version 12.00
# Visual Studio Version 17
VisualStudioVersion = 17.9.34728.123
MinimumVisualStudioVersion = 10.0.40219.1
Project("{8BC9CEB8-8B4A-11D0-8D11-00A0C91BC942}") = "MT3-16", "MT3-16\MT3-16.vcxproj", "{35EE5ED1-029F-4EF4-96B7-A8C747309791}"
EndProject
Global
	GlobalSection(SolutionConfigurationPlatforms) = preSolution
		Debug|x64 = Debug|x64
		Release|x64 = Release|x64
	EndGlobalSection
	GlobalSection(ProjectConfigurationPlatforms) = postSolution
		{35EE5ED1-029F-4EF4-96B7-A8C747309791}.Debug|x64.ActiveCfg = Debug|x64
		{35EE5ED1-029F-4EF4-96B7-A8C747309791}.Debug|x64.Build.0 = Debug|x64
		{35EE5ED1-029F-4EF4-96B7-A8C747309791}.Release|x64.ActiveCfg = Release|x64
		{35EE5ED1-029F-4EF4-96B7-A8C747309791}.Release|x64.Build.0 = Release|x64
	EndGlobalSection
	GlobalSection(SolutionProperties) = preSolution
		HideSolutionNode = FALSE
	EndGlobalSection
	GlobalSection(ExtensibilityGlobals) = postSolution
		SolutionGuid = {89014A38-8DBA-449D-AAAD-EA736D8DBDE5}
	EndGlobalSection
EndGlobal
